
Microsoft Visual Studio Solution File, Format Version 12.00
# Visual Studio Version 16
VisualStudioVersion = 16.0.31129.286
MinimumVisualStudioVersion = 10.0.40219.1
Project("{FAE04EC0-301F-11D3-BF4B-00C04F79EFBC}") = "V.S", "V.S\V.S.csproj", "{28A76E5B-B3E2-4AF4-B430-FE003699CBBA}"
EndProject
Global
	GlobalSection(SolutionConfigurationPlatforms) = preSolution
		Debug|Any CPU = Debug|Any CPU
		Release|Any CPU = Release|Any CPU
	EndGlobalSection
	GlobalSection(ProjectConfigurationPlatforms) = postSolution
		{28A76E5B-B3E2-4AF4-B430-FE003699CBBA}.Debug|Any CPU.ActiveCfg = Debug|Any CPU
		{28A76E5B-B3E2-4AF4-B430-FE003699CBBA}.Debug|Any CPU.Build.0 = Debug|Any CPU
		{28A76E5B-B3E2-4AF4-B430-FE003699CBBA}.Release|Any CPU.ActiveCfg = Release|Any CPU
		{28A76E5B-B3E2-4AF4-B430-FE003699CBBA}.Release|Any CPU.Build.0 = Release|Any CPU
	EndGlobalSection
	GlobalSection(SolutionProperties) = preSolution
		HideSolutionNode = FALSE
	EndGlobalSection
	GlobalSection(ExtensibilityGlobals) = postSolution
		SolutionGuid = {9D75721A-5492-48E1-9C3E-CC028955FC48}
	EndGlobalSection
EndGlobal
